
Microsoft Visual Studio Solution File, Format Version 12.00
# Visual Studio 15
VisualStudioVersion = 15.0.28307.1259
MinimumVisualStudioVersion = 10.0.40219.1
Project("{FAE04EC0-301F-11D3-BF4B-00C04F79EFBC}") = "GermanNumberTranslator", "GermanNumberTranslator\GermanNumberTranslator.csproj", "{9DD359A7-633B-4B92-88A4-B01286A94ABC}"
EndProject
Global
	GlobalSection(SolutionConfigurationPlatforms) = preSolution
		Debug|Any CPU = Debug|Any CPU
		Release|Any CPU = Release|Any CPU
	EndGlobalSection
	GlobalSection(ProjectConfigurationPlatforms) = postSolution
		{9DD359A7-633B-4B92-88A4-B01286A94ABC}.Debug|Any CPU.ActiveCfg = Debug|Any CPU
		{9DD359A7-633B-4B92-88A4-B01286A94ABC}.Debug|Any CPU.Build.0 = Debug|Any CPU
		{9DD359A7-633B-4B92-88A4-B01286A94ABC}.Release|Any CPU.ActiveCfg = Release|Any CPU
		{9DD359A7-633B-4B92-88A4-B01286A94ABC}.Release|Any CPU.Build.0 = Release|Any CPU
	EndGlobalSection
	GlobalSection(SolutionProperties) = preSolution
		HideSolutionNode = FALSE
	EndGlobalSection
	GlobalSection(ExtensibilityGlobals) = postSolution
		SolutionGuid = {38A82464-4EB7-4588-A9EA-C6468D4E3FC8}
	EndGlobalSection
EndGlobal
